
Microsoft Visual Studio Solution File, Format Version 12.00
# Visual Studio Version 16
VisualStudioVersion = 16.0.30611.23
MinimumVisualStudioVersion = 10.0.40219.1
Project("{FAE04EC0-301F-11D3-BF4B-00C04F79EFBC}") = "CarpimTablosu", "CarpimTablosu\CarpimTablosu.csproj", "{0DEADE60-5FD4-4A8F-94A0-823AA480AF3D}"
EndProject
Global
	GlobalSection(SolutionConfigurationPlatforms) = preSolution
		Debug|Any CPU = Debug|Any CPU
		Release|Any CPU = Release|Any CPU
	EndGlobalSection
	GlobalSection(ProjectConfigurationPlatforms) = postSolution
		{0DEADE60-5FD4-4A8F-94A0-823AA480AF3D}.Debug|Any CPU.ActiveCfg = Debug|Any CPU
		{0DEADE60-5FD4-4A8F-94A0-823AA480AF3D}.Debug|Any CPU.Build.0 = Debug|Any CPU
		{0DEADE60-5FD4-4A8F-94A0-823AA480AF3D}.Release|Any CPU.ActiveCfg = Release|Any CPU
		{0DEADE60-5FD4-4A8F-94A0-823AA480AF3D}.Release|Any CPU.Build.0 = Release|Any CPU
	EndGlobalSection
	GlobalSection(SolutionProperties) = preSolution
		HideSolutionNode = FALSE
	EndGlobalSection
	GlobalSection(ExtensibilityGlobals) = postSolution
		SolutionGuid = {A40C37C2-8B47-472C-8FF2-DDA2B9F96C5E}
	EndGlobalSection
EndGlobal
